
Microsoft Visual Studio Solution File, Format Version 12.00
# Visual Studio Version 17
VisualStudioVersion = 17.6.33829.357
MinimumVisualStudioVersion = 10.0.40219.1
Project("{FAE04EC0-301F-11D3-BF4B-00C04F79EFBC}") = "ConsoleSnakeGame", "ConsoleSnakeGame.csproj", "{8EB0E7BF-80C4-4E0D-89B6-345C2F9D25F6}"
EndProject
Global
	GlobalSection(SolutionConfigurationPlatforms) = preSolution
		Debug|Any CPU = Debug|Any CPU
		Release|Any CPU = Release|Any CPU
	EndGlobalSection
	GlobalSection(ProjectConfigurationPlatforms) = postSolution
		{8EB0E7BF-80C4-4E0D-89B6-345C2F9D25F6}.Debug|Any CPU.ActiveCfg = Debug|Any CPU
		{8EB0E7BF-80C4-4E0D-89B6-345C2F9D25F6}.Debug|Any CPU.Build.0 = Debug|Any CPU
		{8EB0E7BF-80C4-4E0D-89B6-345C2F9D25F6}.Release|Any CPU.ActiveCfg = Release|Any CPU
		{8EB0E7BF-80C4-4E0D-89B6-345C2F9D25F6}.Release|Any CPU.Build.0 = Release|Any CPU
	EndGlobalSection
	GlobalSection(SolutionProperties) = preSolution
		HideSolutionNode = FALSE
	EndGlobalSection
	GlobalSection(ExtensibilityGlobals) = postSolution
		SolutionGuid = {1F2ACBDC-D4CF-4E7B-B49F-315CD937E7C0}
	EndGlobalSection
EndGlobal
